
Microsoft Visual Studio Solution File, Format Version 12.00
# Visual Studio Version 16
VisualStudioVersion = 16.0.29613.14
MinimumVisualStudioVersion = 10.0.40219.1
Project("{FAE04EC0-301F-11D3-BF4B-00C04F79EFBC}") = "Vidly", "Vidly.csproj", "{DFB3BFD1-A0AD-43AE-B6B7-9B58819BD356}"
EndProject
Global
	GlobalSection(SolutionConfigurationPlatforms) = preSolution
		Debug|Any CPU = Debug|Any CPU
		Release|Any CPU = Release|Any CPU
	EndGlobalSection
	GlobalSection(ProjectConfigurationPlatforms) = postSolution
		{DFB3BFD1-A0AD-43AE-B6B7-9B58819BD356}.Debug|Any CPU.ActiveCfg = Debug|Any CPU
		{DFB3BFD1-A0AD-43AE-B6B7-9B58819BD356}.Debug|Any CPU.Build.0 = Debug|Any CPU
		{DFB3BFD1-A0AD-43AE-B6B7-9B58819BD356}.Release|Any CPU.ActiveCfg = Release|Any CPU
		{DFB3BFD1-A0AD-43AE-B6B7-9B58819BD356}.Release|Any CPU.Build.0 = Release|Any CPU
	EndGlobalSection
	GlobalSection(SolutionProperties) = preSolution
		HideSolutionNode = FALSE
	EndGlobalSection
	GlobalSection(ExtensibilityGlobals) = postSolution
		SolutionGuid = {410D4AE8-CCE0-4485-B5E2-D204065746DB}
	EndGlobalSection
EndGlobal
